
Microsoft Visual Studio Solution File, Format Version 12.00
# Visual Studio Version 16
VisualStudioVersion = 16.0.29424.173
MinimumVisualStudioVersion = 10.0.40219.1
Project("{FAE04EC0-301F-11D3-BF4B-00C04F79EFBC}") = "Week3", "Week3\Week3.csproj", "{B4B4BAE0-A266-4114-A6D2-5143FF128AAB}"
EndProject
Global
	GlobalSection(SolutionConfigurationPlatforms) = preSolution
		Debug|Any CPU = Debug|Any CPU
		Release|Any CPU = Release|Any CPU
	EndGlobalSection
	GlobalSection(ProjectConfigurationPlatforms) = postSolution
		{B4B4BAE0-A266-4114-A6D2-5143FF128AAB}.Debug|Any CPU.ActiveCfg = Debug|Any CPU
		{B4B4BAE0-A266-4114-A6D2-5143FF128AAB}.Debug|Any CPU.Build.0 = Debug|Any CPU
		{B4B4BAE0-A266-4114-A6D2-5143FF128AAB}.Release|Any CPU.ActiveCfg = Release|Any CPU
		{B4B4BAE0-A266-4114-A6D2-5143FF128AAB}.Release|Any CPU.Build.0 = Release|Any CPU
	EndGlobalSection
	GlobalSection(SolutionProperties) = preSolution
		HideSolutionNode = FALSE
	EndGlobalSection
	GlobalSection(ExtensibilityGlobals) = postSolution
		SolutionGuid = {5C39D211-C856-4001-A45F-8F86324F65CD}
	EndGlobalSection
EndGlobal
